// !$*UTF8*$!
{
	archiveVersion = 1;
	classes = {
	};
	objectVersion = 46;
	objects = {

/* Begin PBXBuildFile section */
		961239BD1B1F37FF00041868 /* SoulJaWeibo.xcdatamodeld in Sources */ = {isa = PBXBuildFile; fileRef = 961239BB1B1F37FF00041868 /* SoulJaWeibo.xcdatamodeld */; };
		961239C31B1F37FF00041868 /* Main.storyboard in Resources */ = {isa = PBXBuildFile; fileRef = 961239C11B1F37FF00041868 /* Main.storyboard */; };
		961239C51B1F37FF00041868 /* Images.xcassets in Resources */ = {isa = PBXBuildFile; fileRef = 961239C41B1F37FF00041868 /* Images.xcassets */; };
		961239C81B1F37FF00041868 /* LaunchScreen.xib in Resources */ = {isa = PBXBuildFile; fileRef = 961239C61B1F37FF00041868 /* LaunchScreen.xib */; };
		961239D41B1F37FF00041868 /* SoulJaWeiboTests.m in Sources */ = {isa = PBXBuildFile; fileRef = 961239D31B1F37FF00041868 /* SoulJaWeiboTests.m */; };
		96294D821B22A23D0040FAFD /* SJTabbarButton.m in Sources */ = {isa = PBXBuildFile; fileRef = 96294D811B22A23D0040FAFD /* SJTabbarButton.m */; };
		965CFE271B227F7D003D83F2 /* UIImage+SJ.m in Sources */ = {isa = PBXBuildFile; fileRef = 965CFE261B227F7D003D83F2 /* UIImage+SJ.m */; };
		965CFE2A1B228DEA003D83F2 /* SJTabBar.m in Sources */ = {isa = PBXBuildFile; fileRef = 965CFE291B228DEA003D83F2 /* SJTabBar.m */; };
		966E9BFA1B23ED85005B1D49 /* SJBadgeButton.m in Sources */ = {isa = PBXBuildFile; fileRef = 966E9BF91B23ED85005B1D49 /* SJBadgeButton.m */; };
		96AB23AB1B279EF3005C6FB6 /* AFHTTPRequestOperation.m in Sources */ = {isa = PBXBuildFile; fileRef = 96AB23991B279EF3005C6FB6 /* AFHTTPRequestOperation.m */; };
		96AB23AC1B279EF3005C6FB6 /* AFHTTPRequestOperationManager.m in Sources */ = {isa = PBXBuildFile; fileRef = 96AB239B1B279EF3005C6FB6 /* AFHTTPRequestOperationManager.m */; };
		96AB23AD1B279EF3005C6FB6 /* AFHTTPSessionManager.m in Sources */ = {isa = PBXBuildFile; fileRef = 96AB239D1B279EF3005C6FB6 /* AFHTTPSessionManager.m */; };
		96AB23AE1B279EF3005C6FB6 /* AFNetworkReachabilityManager.m in Sources */ = {isa = PBXBuildFile; fileRef = 96AB23A01B279EF3005C6FB6 /* AFNetworkReachabilityManager.m */; };
		96AB23AF1B279EF3005C6FB6 /* AFSecurityPolicy.m in Sources */ = {isa = PBXBuildFile; fileRef = 96AB23A21B279EF3005C6FB6 /* AFSecurityPolicy.m */; };
		96AB23B01B279EF3005C6FB6 /* AFURLConnectionOperation.m in Sources */ = {isa = PBXBuildFile; fileRef = 96AB23A41B279EF3005C6FB6 /* AFURLConnectionOperation.m */; };
		96AB23B11B279EF3005C6FB6 /* AFURLRequestSerialization.m in Sources */ = {isa = PBXBuildFile; fileRef = 96AB23A61B279EF3005C6FB6 /* AFURLRequestSerialization.m */; };
		96AB23B21B279EF3005C6FB6 /* AFURLResponseSerialization.m in Sources */ = {isa = PBXBuildFile; fileRef = 96AB23A81B279EF3005C6FB6 /* AFURLResponseSerialization.m */; };
		96AB23B31B279EF3005C6FB6 /* AFURLSessionManager.m in Sources */ = {isa = PBXBuildFile; fileRef = 96AB23AA1B279EF3005C6FB6 /* AFURLSessionManager.m */; };
		96AB23BA1B279F7B005C6FB6 /* MBProgressHUD+MJ.m in Sources */ = {isa = PBXBuildFile; fileRef = 96AB23B61B279F7B005C6FB6 /* MBProgressHUD+MJ.m */; };
		96AB23BB1B279F7B005C6FB6 /* MBProgressHUD.bundle in Resources */ = {isa = PBXBuildFile; fileRef = 96AB23B71B279F7B005C6FB6 /* MBProgressHUD.bundle */; };
		96AB23BC1B279F7B005C6FB6 /* MBProgressHUD.m in Sources */ = {isa = PBXBuildFile; fileRef = 96AB23B91B279F7B005C6FB6 /* MBProgressHUD.m */; };
		96AB23C01B27A59F005C6FB6 /* SJAccount.m in Sources */ = {isa = PBXBuildFile; fileRef = 96AB23BF1B27A59F005C6FB6 /* SJAccount.m */; };
		96AB23C31B27BA06005C6FB6 /* SJWeiboTool.m in Sources */ = {isa = PBXBuildFile; fileRef = 96AB23C21B27BA06005C6FB6 /* SJWeiboTool.m */; };
		96AB23C71B27BBF5005C6FB6 /* SJAccountTool.m in Sources */ = {isa = PBXBuildFile; fileRef = 96AB23C61B27BBF5005C6FB6 /* SJAccountTool.m */; };
		96AB241F1B286B72005C6FB6 /* MKAnnotationView+WebCache.m in Sources */ = {isa = PBXBuildFile; fileRef = 96AB23FF1B286B72005C6FB6 /* MKAnnotationView+WebCache.m */; };
		96AB24201B286B72005C6FB6 /* NSData+ImageContentType.m in Sources */ = {isa = PBXBuildFile; fileRef = 96AB24011B286B72005C6FB6 /* NSData+ImageContentType.m */; };
		96AB24211B286B72005C6FB6 /* SDImageCache.m in Sources */ = {isa = PBXBuildFile; fileRef = 96AB24031B286B72005C6FB6 /* SDImageCache.m */; };
		96AB24221B286B72005C6FB6 /* SDWebImageCompat.m in Sources */ = {isa = PBXBuildFile; fileRef = 96AB24051B286B72005C6FB6 /* SDWebImageCompat.m */; };
		96AB24231B286B72005C6FB6 /* SDWebImageDecoder.m in Sources */ = {isa = PBXBuildFile; fileRef = 96AB24071B286B72005C6FB6 /* SDWebImageDecoder.m */; };
		96AB24241B286B72005C6FB6 /* SDWebImageDownloader.m in Sources */ = {isa = PBXBuildFile; fileRef = 96AB24091B286B72005C6FB6 /* SDWebImageDownloader.m */; };
		96AB24251B286B72005C6FB6 /* SDWebImageDownloaderOperation.m in Sources */ = {isa = PBXBuildFile; fileRef = 96AB240B1B286B72005C6FB6 /* SDWebImageDownloaderOperation.m */; };
		96AB24261B286B72005C6FB6 /* SDWebImageManager.m in Sources */ = {isa = PBXBuildFile; fileRef = 96AB240D1B286B72005C6FB6 /* SDWebImageManager.m */; };
		96AB24271B286B72005C6FB6 /* SDWebImagePrefetcher.m in Sources */ = {isa = PBXBuildFile; fileRef = 96AB24101B286B72005C6FB6 /* SDWebImagePrefetcher.m */; };
		96AB24281B286B72005C6FB6 /* UIButton+WebCache.m in Sources */ = {isa = PBXBuildFile; fileRef = 96AB24121B286B72005C6FB6 /* UIButton+WebCache.m */; };
		96AB24291B286B72005C6FB6 /* UIImage+GIF.m in Sources */ = {isa = PBXBuildFile; fileRef = 96AB24141B286B72005C6FB6 /* UIImage+GIF.m */; };
		96AB242A1B286B72005C6FB6 /* UIImage+MultiFormat.m in Sources */ = {isa = PBXBuildFile; fileRef = 96AB24161B286B72005C6FB6 /* UIImage+MultiFormat.m */; };
		96AB242B1B286B72005C6FB6 /* UIImage+WebP.m in Sources */ = {isa = PBXBuildFile; fileRef = 96AB24181B286B72005C6FB6 /* UIImage+WebP.m */; };
		96AB242C1B286B72005C6FB6 /* UIImageView+HighlightedWebCache.m in Sources */ = {isa = PBXBuildFile; fileRef = 96AB241A1B286B72005C6FB6 /* UIImageView+HighlightedWebCache.m */; };
		96AB242D1B286B72005C6FB6 /* UIImageView+WebCache.m in Sources */ = {isa = PBXBuildFile; fileRef = 96AB241C1B286B72005C6FB6 /* UIImageView+WebCache.m */; };
		96AB242E1B286B72005C6FB6 /* UIView+WebCacheOperation.m in Sources */ = {isa = PBXBuildFile; fileRef = 96AB241E1B286B72005C6FB6 /* UIView+WebCacheOperation.m */; };
		96AB24311B28747A005C6FB6 /* SJStatus.m in Sources */ = {isa = PBXBuildFile; fileRef = 96AB24301B28747A005C6FB6 /* SJStatus.m */; };
		96AB24341B287600005C6FB6 /* SJUser.m in Sources */ = {isa = PBXBuildFile; fileRef = 96AB24331B287600005C6FB6 /* SJUser.m */; };
		96AB24471B287CCD005C6FB6 /* MJConst.m in Sources */ = {isa = PBXBuildFile; fileRef = 96AB24371B287CCD005C6FB6 /* MJConst.m */; };
		96AB24481B287CCD005C6FB6 /* MJFoundation.m in Sources */ = {isa = PBXBuildFile; fileRef = 96AB243A1B287CCD005C6FB6 /* MJFoundation.m */; };
		96AB24491B287CCD005C6FB6 /* MJProperty.m in Sources */ = {isa = PBXBuildFile; fileRef = 96AB243C1B287CCD005C6FB6 /* MJProperty.m */; };
		96AB244A1B287CCD005C6FB6 /* MJType.m in Sources */ = {isa = PBXBuildFile; fileRef = 96AB243E1B287CCD005C6FB6 /* MJType.m */; };
		96AB244B1B287CCD005C6FB6 /* NSObject+MJCoding.m in Sources */ = {isa = PBXBuildFile; fileRef = 96AB24401B287CCD005C6FB6 /* NSObject+MJCoding.m */; };
		96AB244C1B287CCD005C6FB6 /* NSObject+MJKeyValue.m in Sources */ = {isa = PBXBuildFile; fileRef = 96AB24421B287CCD005C6FB6 /* NSObject+MJKeyValue.m */; };
		96AB244D1B287CCD005C6FB6 /* NSObject+MJProperty.m in Sources */ = {isa = PBXBuildFile; fileRef = 96AB24441B287CCD005C6FB6 /* NSObject+MJProperty.m */; };
		96AB244E1B287CCD005C6FB6 /* NSString+Extension.m in Sources */ = {isa = PBXBuildFile; fileRef = 96AB24461B287CCD005C6FB6 /* NSString+Extension.m */; };
		96BA873E1B272B0D002AD5C3 /* SJOAuthViewController.m in Sources */ = {isa = PBXBuildFile; fileRef = 96BA873D1B272B0D002AD5C3 /* SJOAuthViewController.m */; };
		96BD21301B2278BB007DF25A /* SJDiscoverViewController.m in Sources */ = {isa = PBXBuildFile; fileRef = 96BD21101B2278BB007DF25A /* SJDiscoverViewController.m */; };
		96BD21311B2278BB007DF25A /* SJHomeViewController.m in Sources */ = {isa = PBXBuildFile; fileRef = 96BD21161B2278BB007DF25A /* SJHomeViewController.m */; };
		96BD21321B2278BB007DF25A /* SJTabBarController.m in Sources */ = {isa = PBXBuildFile; fileRef = 96BD211C1B2278BB007DF25A /* SJTabBarController.m */; };
		96BD21331B2278BB007DF25A /* SJMeViewController.m in Sources */ = {isa = PBXBuildFile; fileRef = 96BD21221B2278BB007DF25A /* SJMeViewController.m */; };
		96BD21341B2278BB007DF25A /* SJMessageViewController.m in Sources */ = {isa = PBXBuildFile; fileRef = 96BD21281B2278BB007DF25A /* SJMessageViewController.m */; };
		96BD21351B2278BB007DF25A /* AppDelegate.m in Sources */ = {isa = PBXBuildFile; fileRef = 96BD212D1B2278BB007DF25A /* AppDelegate.m */; };
		96BD21361B2278BB007DF25A /* main.m in Sources */ = {isa = PBXBuildFile; fileRef = 96BD212E1B2278BB007DF25A /* main.m */; };
		96CBEBB41B2532E200E5B68B /* SJNavigationController.m in Sources */ = {isa = PBXBuildFile; fileRef = 96CBEBB31B2532E200E5B68B /* SJNavigationController.m */; };
		96CBEBB71B25678400E5B68B /* UIBarButtonItem+SJ.m in Sources */ = {isa = PBXBuildFile; fileRef = 96CBEBB61B25678400E5B68B /* UIBarButtonItem+SJ.m */; };
		96CBEBBA1B256CE200E5B68B /* SJSearchBar.m in Sources */ = {isa = PBXBuildFile; fileRef = 96CBEBB91B256CE200E5B68B /* SJSearchBar.m */; };
		96CBEBBD1B25730E00E5B68B /* SJTitleButton.m in Sources */ = {isa = PBXBuildFile; fileRef = 96CBEBBC1B25730E00E5B68B /* SJTitleButton.m */; };
		96CBEBC41B25836100E5B68B /* SJNewFeatureViewController.m in Sources */ = {isa = PBXBuildFile; fileRef = 96CBEBC31B25836100E5B68B /* SJNewFeatureViewController.m */; };
/* End PBXBuildFile section */

/* Begin PBXContainerItemProxy section */
		961239CE1B1F37FF00041868 /* PBXContainerItemProxy */ = {
			isa = PBXContainerItemProxy;
			containerPortal = 961239A91B1F37FF00041868 /* Project object */;
			proxyType = 1;
			remoteGlobalIDString = 961239B01B1F37FF00041868;
			remoteInfo = SoulJaWeibo;
		};
/* End PBXContainerItemProxy section */

/* Begin PBXFileReference section */
		961239B11B1F37FF00041868 /* SoulJaWeibo.app */ = {isa = PBXFileReference; explicitFileType = wrapper.application; includeInIndex = 0; path = SoulJaWeibo.app; sourceTree = BUILT_PRODUCTS_DIR; };
		961239B51B1F37FF00041868 /* Info.plist */ = {isa = PBXFileReference; lastKnownFileType = text.plist.xml; path = Info.plist; sourceTree = "<group>"; };
		961239BC1B1F37FF00041868 /* SoulJaWeibo.xcdatamodel */ = {isa = PBXFileReference; lastKnownFileType = wrapper.xcdatamodel; path = SoulJaWeibo.xcdatamodel; sourceTree = "<group>"; };
		961239C21B1F37FF00041868 /* Base */ = {isa = PBXFileReference; lastKnownFileType = file.storyboard; name = Base; path = Base.lproj/Main.storyboard; sourceTree = "<group>"; };
		961239C41B1F37FF00041868 /* Images.xcassets */ = {isa = PBXFileReference; lastKnownFileType = folder.assetcatalog; path = Images.xcassets; sourceTree = "<group>"; };
		961239C71B1F37FF00041868 /* Base */ = {isa = PBXFileReference; lastKnownFileType = file.xib; name = Base; path = Base.lproj/LaunchScreen.xib; sourceTree = "<group>"; };
		961239CD1B1F37FF00041868 /* SoulJaWeiboTests.xctest */ = {isa = PBXFileReference; explicitFileType = wrapper.cfbundle; includeInIndex = 0; path = SoulJaWeiboTests.xctest; sourceTree = BUILT_PRODUCTS_DIR; };
		961239D21B1F37FF00041868 /* Info.plist */ = {isa = PBXFileReference; lastKnownFileType = text.plist.xml; path = Info.plist; sourceTree = "<group>"; };
		961239D31B1F37FF00041868 /* SoulJaWeiboTests.m */ = {isa = PBXFileReference; lastKnownFileType = sourcecode.c.objc; path = SoulJaWeiboTests.m; sourceTree = "<group>"; };
		96294D801B22A23D0040FAFD /* SJTabbarButton.h */ = {isa = PBXFileReference; fileEncoding = 4; lastKnownFileType = sourcecode.c.h; path = SJTabbarButton.h; sourceTree = "<group>"; };
		96294D811B22A23D0040FAFD /* SJTabbarButton.m */ = {isa = PBXFileReference; fileEncoding = 4; lastKnownFileType = sourcecode.c.objc; path = SJTabbarButton.m; sourceTree = "<group>"; };
		965CFE231B227BEA003D83F2 /* SoulJaWeibo.pch */ = {isa = PBXFileReference; fileEncoding = 4; lastKnownFileType = sourcecode.c.h; name = SoulJaWeibo.pch; path = ../../SoulJaWeibo.pch; sourceTree = "<group>"; };
		965CFE251B227F7D003D83F2 /* UIImage+SJ.h */ = {isa = PBXFileReference; fileEncoding = 4; lastKnownFileType = sourcecode.c.h; path = "UIImage+SJ.h"; sourceTree = "<group>"; };
		965CFE261B227F7D003D83F2 /* UIImage+SJ.m */ = {isa = PBXFileReference; fileEncoding = 4; lastKnownFileType = sourcecode.c.objc; path = "UIImage+SJ.m"; sourceTree = "<group>"; };
		965CFE281B228DEA003D83F2 /* SJTabBar.h */ = {isa = PBXFileReference; fileEncoding = 4; lastKnownFileType = sourcecode.c.h; path = SJTabBar.h; sourceTree = "<group>"; };
		965CFE291B228DEA003D83F2 /* SJTabBar.m */ = {isa = PBXFileReference; fileEncoding = 4; lastKnownFileType = sourcecode.c.objc; path = SJTabBar.m; sourceTree = "<group>"; };
		966E9BF81B23ED85005B1D49 /* SJBadgeButton.h */ = {isa = PBXFileReference; fileEncoding = 4; lastKnownFileType = sourcecode.c.h; path = SJBadgeButton.h; sourceTree = "<group>"; };
		966E9BF91B23ED85005B1D49 /* SJBadgeButton.m */ = {isa = PBXFileReference; fileEncoding = 4; lastKnownFileType = sourcecode.c.objc; path = SJBadgeButton.m; sourceTree = "<group>"; };
		96AB23981B279EF3005C6FB6 /* AFHTTPRequestOperation.h */ = {isa = PBXFileReference; fileEncoding = 4; lastKnownFileType = sourcecode.c.h; path = AFHTTPRequestOperation.h; sourceTree = "<group>"; };
		96AB23991B279EF3005C6FB6 /* AFHTTPRequestOperation.m */ = {isa = PBXFileReference; fileEncoding = 4; lastKnownFileType = sourcecode.c.objc; path = AFHTTPRequestOperation.m; sourceTree = "<group>"; };
		96AB239A1B279EF3005C6FB6 /* AFHTTPRequestOperationManager.h */ = {isa = PBXFileReference; fileEncoding = 4; lastKnownFileType = sourcecode.c.h; path = AFHTTPRequestOperationManager.h; sourceTree = "<group>"; };
		96AB239B1B279EF3005C6FB6 /* AFHTTPRequestOperationManager.m */ = {isa = PBXFileReference; fileEncoding = 4; lastKnownFileType = sourcecode.c.objc; path = AFHTTPRequestOperationManager.m; sourceTree = "<group>"; };
		96AB239C1B279EF3005C6FB6 /* AFHTTPSessionManager.h */ = {isa = PBXFileReference; fileEncoding = 4; lastKnownFileType = sourcecode.c.h; path = AFHTTPSessionManager.h; sourceTree = "<group>"; };
		96AB239D1B279EF3005C6FB6 /* AFHTTPSessionManager.m */ = {isa = PBXFileReference; fileEncoding = 4; lastKnownFileType = sourcecode.c.objc; path = AFHTTPSessionManager.m; sourceTree = "<group>"; };
		96AB239E1B279EF3005C6FB6 /* AFNetworking.h */ = {isa = PBXFileReference; fileEncoding = 4; lastKnownFileType = sourcecode.c.h; path = AFNetworking.h; sourceTree = "<group>"; };
		96AB239F1B279EF3005C6FB6 /* AFNetworkReachabilityManager.h */ = {isa = PBXFileReference; fileEncoding = 4; lastKnownFileType = sourcecode.c.h; path = AFNetworkReachabilityManager.h; sourceTree = "<group>"; };
		96AB23A01B279EF3005C6FB6 /* AFNetworkReachabilityManager.m */ = {isa = PBXFileReference; fileEncoding = 4; lastKnownFileType = sourcecode.c.objc; path = AFNetworkReachabilityManager.m; sourceTree = "<group>"; };
		96AB23A11B279EF3005C6FB6 /* AFSecurityPolicy.h */ = {isa = PBXFileReference; fileEncoding = 4; lastKnownFileType = sourcecode.c.h; path = AFSecurityPolicy.h; sourceTree = "<group>"; };
		96AB23A21B279EF3005C6FB6 /* AFSecurityPolicy.m */ = {isa = PBXFileReference; fileEncoding = 4; lastKnownFileType = sourcecode.c.objc; path = AFSecurityPolicy.m; sourceTree = "<group>"; };
		96AB23A31B279EF3005C6FB6 /* AFURLConnectionOperation.h */ = {isa = PBXFileReference; fileEncoding = 4; lastKnownFileType = sourcecode.c.h; path = AFURLConnectionOperation.h; sourceTree = "<group>"; };
		96AB23A41B279EF3005C6FB6 /* AFURLConnectionOperation.m */ = {isa = PBXFileReference; fileEncoding = 4; lastKnownFileType = sourcecode.c.objc; path = AFURLConnectionOperation.m; sourceTree = "<group>"; };
		96AB23A51B279EF3005C6FB6 /* AFURLRequestSerialization.h */ = {isa = PBXFileReference; fileEncoding = 4; lastKnownFileType = sourcecode.c.h; path = AFURLRequestSerialization.h; sourceTree = "<group>"; };
		96AB23A61B279EF3005C6FB6 /* AFURLRequestSerialization.m */ = {isa = PBXFileReference; fileEncoding = 4; lastKnownFileType = sourcecode.c.objc; path = AFURLRequestSerialization.m; sourceTree = "<group>"; };
		96AB23A71B279EF3005C6FB6 /* AFURLResponseSerialization.h */ = {isa = PBXFileReference; fileEncoding = 4; lastKnownFileType = sourcecode.c.h; path = AFURLResponseSerialization.h; sourceTree = "<group>"; };
		96AB23A81B279EF3005C6FB6 /* AFURLResponseSerialization.m */ = {isa = PBXFileReference; fileEncoding = 4; lastKnownFileType = sourcecode.c.objc; path = AFURLResponseSerialization.m; sourceTree = "<group>"; };
		96AB23A91B279EF3005C6FB6 /* AFURLSessionManager.h */ = {isa = PBXFileReference; fileEncoding = 4; lastKnownFileType = sourcecode.c.h; path = AFURLSessionManager.h; sourceTree = "<group>"; };
		96AB23AA1B279EF3005C6FB6 /* AFURLSessionManager.m */ = {isa = PBXFileReference; fileEncoding = 4; lastKnownFileType = sourcecode.c.objc; path = AFURLSessionManager.m; sourceTree = "<group>"; };
		96AB23B51B279F7B005C6FB6 /* MBProgressHUD+MJ.h */ = {isa = PBXFileReference; fileEncoding = 4; lastKnownFileType = sourcecode.c.h; path = "MBProgressHUD+MJ.h"; sourceTree = "<group>"; };
		96AB23B61B279F7B005C6FB6 /* MBProgressHUD+MJ.m */ = {isa = PBXFileReference; fileEncoding = 4; lastKnownFileType = sourcecode.c.objc; path = "MBProgressHUD+MJ.m"; sourceTree = "<group>"; };
		96AB23B71B279F7B005C6FB6 /* MBProgressHUD.bundle */ = {isa = PBXFileReference; lastKnownFileType = "wrapper.plug-in"; path = MBProgressHUD.bundle; sourceTree = "<group>"; };
		96AB23B81B279F7B005C6FB6 /* MBProgressHUD.h */ = {isa = PBXFileReference; fileEncoding = 4; lastKnownFileType = sourcecode.c.h; path = MBProgressHUD.h; sourceTree = "<group>"; };
		96AB23B91B279F7B005C6FB6 /* MBProgressHUD.m */ = {isa = PBXFileReference; fileEncoding = 4; lastKnownFileType = sourcecode.c.objc; path = MBProgressHUD.m; sourceTree = "<group>"; };
		96AB23BE1B27A59F005C6FB6 /* SJAccount.h */ = {isa = PBXFileReference; fileEncoding = 4; lastKnownFileType = sourcecode.c.h; path = SJAccount.h; sourceTree = "<group>"; };
		96AB23BF1B27A59F005C6FB6 /* SJAccount.m */ = {isa = PBXFileReference; fileEncoding = 4; lastKnownFileType = sourcecode.c.objc; path = SJAccount.m; sourceTree = "<group>"; };
		96AB23C11B27BA06005C6FB6 /* SJWeiboTool.h */ = {isa = PBXFileReference; fileEncoding = 4; lastKnownFileType = sourcecode.c.h; path = SJWeiboTool.h; sourceTree = "<group>"; };
		96AB23C21B27BA06005C6FB6 /* SJWeiboTool.m */ = {isa = PBXFileReference; fileEncoding = 4; lastKnownFileType = sourcecode.c.objc; path = SJWeiboTool.m; sourceTree = "<group>"; };
		96AB23C51B27BBF5005C6FB6 /* SJAccountTool.h */ = {isa = PBXFileReference; fileEncoding = 4; lastKnownFileType = sourcecode.c.h; path = SJAccountTool.h; sourceTree = "<group>"; };
		96AB23C61B27BBF5005C6FB6 /* SJAccountTool.m */ = {isa = PBXFileReference; fileEncoding = 4; lastKnownFileType = sourcecode.c.objc; path = SJAccountTool.m; sourceTree = "<group>"; };
		96AB23FE1B286B72005C6FB6 /* MKAnnotationView+WebCache.h */ = {isa = PBXFileReference; fileEncoding = 4; lastKnownFileType = sourcecode.c.h; path = "MKAnnotationView+WebCache.h"; sourceTree = "<group>"; };
		96AB23FF1B286B72005C6FB6 /* MKAnnotationView+WebCache.m */ = {isa = PBXFileReference; fileEncoding = 4; lastKnownFileType = sourcecode.c.objc; path = "MKAnnotationView+WebCache.m"; sourceTree = "<group>"; };
		96AB24001B286B72005C6FB6 /* NSData+ImageContentType.h */ = {isa = PBXFileReference; fileEncoding = 4; lastKnownFileType = sourcecode.c.h; path = "NSData+ImageContentType.h"; sourceTree = "<group>"; };
		96AB24011B286B72005C6FB6 /* NSData+ImageContentType.m */ = {isa = PBXFileReference; fileEncoding = 4; lastKnownFileType = sourcecode.c.objc; path = "NSData+ImageContentType.m"; sourceTree = "<group>"; };
		96AB24021B286B72005C6FB6 /* SDImageCache.h */ = {isa = PBXFileReference; fileEncoding = 4; lastKnownFileType = sourcecode.c.h; path = SDImageCache.h; sourceTree = "<group>"; };
		96AB24031B286B72005C6FB6 /* SDImageCache.m */ = {isa = PBXFileReference; fileEncoding = 4; lastKnownFileType = sourcecode.c.objc; path = SDImageCache.m; sourceTree = "<group>"; };
		96AB24041B286B72005C6FB6 /* SDWebImageCompat.h */ = {isa = PBXFileReference; fileEncoding = 4; lastKnownFileType = sourcecode.c.h; path = SDWebImageCompat.h; sourceTree = "<group>"; };
		96AB24051B286B72005C6FB6 /* SDWebImageCompat.m */ = {isa = PBXFileReference; fileEncoding = 4; lastKnownFileType = sourcecode.c.objc; path = SDWebImageCompat.m; sourceTree = "<group>"; };
		96AB24061B286B72005C6FB6 /* SDWebImageDecoder.h */ = {isa = PBXFileReference; fileEncoding = 4; lastKnownFileType = sourcecode.c.h; path = SDWebImageDecoder.h; sourceTree = "<group>"; };
		96AB24071B286B72005C6FB6 /* SDWebImageDecoder.m */ = {isa = PBXFileReference; fileEncoding = 4; lastKnownFileType = sourcecode.c.objc; path = SDWebImageDecoder.m; sourceTree = "<group>"; };
		96AB24081B286B72005C6FB6 /* SDWebImageDownloader.h */ = {isa = PBXFileReference; fileEncoding = 4; lastKnownFileType = sourcecode.c.h; path = SDWebImageDownloader.h; sourceTree = "<group>"; };
		96AB24091B286B72005C6FB6 /* SDWebImageDownloader.m */ = {isa = PBXFileReference; fileEncoding = 4; lastKnownFileType = sourcecode.c.objc; path = SDWebImageDownloader.m; sourceTree = "<group>"; };
		96AB240A1B286B72005C6FB6 /* SDWebImageDownloaderOperation.h */ = {isa = PBXFileReference; fileEncoding = 4; lastKnownFileType = sourcecode.c.h; path = SDWebImageDownloaderOperation.h; sourceTree = "<group>"; };
		96AB240B1B286B72005C6FB6 /* SDWebImageDownloaderOperation.m */ = {isa = PBXFileReference; fileEncoding = 4; lastKnownFileType = sourcecode.c.objc; path = SDWebImageDownloaderOperation.m; sourceTree = "<group>"; };
		96AB240C1B286B72005C6FB6 /* SDWebImageManager.h */ = {isa = PBXFileReference; fileEncoding = 4; lastKnownFileType = sourcecode.c.h; path = SDWebImageManager.h; sourceTree = "<group>"; };
		96AB240D1B286B72005C6FB6 /* SDWebImageManager.m */ = {isa = PBXFileReference; fileEncoding = 4; lastKnownFileType = sourcecode.c.objc; path = SDWebImageManager.m; sourceTree = "<group>"; };
		96AB240E1B286B72005C6FB6 /* SDWebImageOperation.h */ = {isa = PBXFileReference; fileEncoding = 4; lastKnownFileType = sourcecode.c.h; path = SDWebImageOperation.h; sourceTree = "<group>"; };
		96AB240F1B286B72005C6FB6 /* SDWebImagePrefetcher.h */ = {isa = PBXFileReference; fileEncoding = 4; lastKnownFileType = sourcecode.c.h; path = SDWebImagePrefetcher.h; sourceTree = "<group>"; };
		96AB24101B286B72005C6FB6 /* SDWebImagePrefetcher.m */ = {isa = PBXFileReference; fileEncoding = 4; lastKnownFileType = sourcecode.c.objc; path = SDWebImagePrefetcher.m; sourceTree = "<group>"; };
		96AB24111B286B72005C6FB6 /* UIButton+WebCache.h */ = {isa = PBXFileReference; fileEncoding = 4; lastKnownFileType = sourcecode.c.h; path = "UIButton+WebCache.h"; sourceTree = "<group>"; };
		96AB24121B286B72005C6FB6 /* UIButton+WebCache.m */ = {isa = PBXFileReference; fileEncoding = 4; lastKnownFileType = sourcecode.c.objc; path = "UIButton+WebCache.m"; sourceTree = "<group>"; };
		96AB24131B286B72005C6FB6 /* UIImage+GIF.h */ = {isa = PBXFileReference; fileEncoding = 4; lastKnownFileType = sourcecode.c.h; path = "UIImage+GIF.h"; sourceTree = "<group>"; };
		96AB24141B286B72005C6FB6 /* UIImage+GIF.m */ = {isa = PBXFileReference; fileEncoding = 4; lastKnownFileType = sourcecode.c.objc; path = "UIImage+GIF.m"; sourceTree = "<group>"; };
		96AB24151B286B72005C6FB6 /* UIImage+MultiFormat.h */ = {isa = PBXFileReference; fileEncoding = 4; lastKnownFileType = sourcecode.c.h; path = "UIImage+MultiFormat.h"; sourceTree = "<group>"; };
		96AB24161B286B72005C6FB6 /* UIImage+MultiFormat.m */ = {isa = PBXFileReference; fileEncoding = 4; lastKnownFileType = sourcecode.c.objc; path = "UIImage+MultiFormat.m"; sourceTree = "<group>"; };
		96AB24171B286B72005C6FB6 /* UIImage+WebP.h */ = {isa = PBXFileReference; fileEncoding = 4; lastKnownFileType = sourcecode.c.h; path = "UIImage+WebP.h"; sourceTree = "<group>"; };
		96AB24181B286B72005C6FB6 /* UIImage+WebP.m */ = {isa = PBXFileReference; fileEncoding = 4; lastKnownFileType = sourcecode.c.objc; path = "UIImage+WebP.m"; sourceTree = "<group>"; };
		96AB24191B286B72005C6FB6 /* UIImageView+HighlightedWebCache.h */ = {isa = PBXFileReference; fileEncoding = 4; lastKnownFileType = sourcecode.c.h; path = "UIImageView+HighlightedWebCache.h"; sourceTree = "<group>"; };
		96AB241A1B286B72005C6FB6 /* UIImageView+HighlightedWebCache.m */ = {isa = PBXFileReference; fileEncoding = 4; lastKnownFileType = sourcecode.c.objc; path = "UIImageView+HighlightedWebCache.m"; sourceTree = "<group>"; };
		96AB241B1B286B72005C6FB6 /* UIImageView+WebCache.h */ = {isa = PBXFileReference; fileEncoding = 4; lastKnownFileType = sourcecode.c.h; path = "UIImageView+WebCache.h"; sourceTree = "<group>"; };
		96AB241C1B286B72005C6FB6 /* UIImageView+WebCache.m */ = {isa = PBXFileReference; fileEncoding = 4; lastKnownFileType = sourcecode.c.objc; path = "UIImageView+WebCache.m"; sourceTree = "<group>"; };
		96AB241D1B286B72005C6FB6 /* UIView+WebCacheOperation.h */ = {isa = PBXFileReference; fileEncoding = 4; lastKnownFileType = sourcecode.c.h; path = "UIView+WebCacheOperation.h"; sourceTree = "<group>"; };
		96AB241E1B286B72005C6FB6 /* UIView+WebCacheOperation.m */ = {isa = PBXFileReference; fileEncoding = 4; lastKnownFileType = sourcecode.c.objc; path = "UIView+WebCacheOperation.m"; sourceTree = "<group>"; };
		96AB242F1B28747A005C6FB6 /* SJStatus.h */ = {isa = PBXFileReference; fileEncoding = 4; lastKnownFileType = sourcecode.c.h; path = SJStatus.h; sourceTree = "<group>"; };
		96AB24301B28747A005C6FB6 /* SJStatus.m */ = {isa = PBXFileReference; fileEncoding = 4; lastKnownFileType = sourcecode.c.objc; path = SJStatus.m; sourceTree = "<group>"; };
		96AB24321B287600005C6FB6 /* SJUser.h */ = {isa = PBXFileReference; fileEncoding = 4; lastKnownFileType = sourcecode.c.h; path = SJUser.h; sourceTree = "<group>"; };
		96AB24331B287600005C6FB6 /* SJUser.m */ = {isa = PBXFileReference; fileEncoding = 4; lastKnownFileType = sourcecode.c.objc; path = SJUser.m; sourceTree = "<group>"; };
		96AB24361B287CCD005C6FB6 /* MJConst.h */ = {isa = PBXFileReference; fileEncoding = 4; lastKnownFileType = sourcecode.c.h; path = MJConst.h; sourceTree = "<group>"; };
		96AB24371B287CCD005C6FB6 /* MJConst.m */ = {isa = PBXFileReference; fileEncoding = 4; lastKnownFileType = sourcecode.c.objc; path = MJConst.m; sourceTree = "<group>"; };
		96AB24381B287CCD005C6FB6 /* MJExtension.h */ = {isa = PBXFileReference; fileEncoding = 4; lastKnownFileType = sourcecode.c.h; path = MJExtension.h; sourceTree = "<group>"; };
		96AB24391B287CCD005C6FB6 /* MJFoundation.h */ = {isa = PBXFileReference; fileEncoding = 4; lastKnownFileType = sourcecode.c.h; path = MJFoundation.h; sourceTree = "<group>"; };
		96AB243A1B287CCD005C6FB6 /* MJFoundation.m */ = {isa = PBXFileReference; fileEncoding = 4; lastKnownFileType = sourcecode.c.objc; path = MJFoundation.m; sourceTree = "<group>"; };
		96AB243B1B287CCD005C6FB6 /* MJProperty.h */ = {isa = PBXFileReference; fileEncoding = 4; lastKnownFileType = sourcecode.c.h; path = MJProperty.h; sourceTree = "<group>"; };
		96AB243C1B287CCD005C6FB6 /* MJProperty.m */ = {isa = PBXFileReference; fileEncoding = 4; lastKnownFileType = sourcecode.c.objc; path = MJProperty.m; sourceTree = "<group>"; };
		96AB243D1B287CCD005C6FB6 /* MJType.h */ = {isa = PBXFileReference; fileEncoding = 4; lastKnownFileType = sourcecode.c.h; path = MJType.h; sourceTree = "<group>"; };
		96AB243E1B287CCD005C6FB6 /* MJType.m */ = {isa = PBXFileReference; fileEncoding = 4; lastKnownFileType = sourcecode.c.objc; path = MJType.m; sourceTree = "<group>"; };
		96AB243F1B287CCD005C6FB6 /* NSObject+MJCoding.h */ = {isa = PBXFileReference; fileEncoding = 4; lastKnownFileType = sourcecode.c.h; path = "NSObject+MJCoding.h"; sourceTree = "<group>"; };
		96AB24401B287CCD005C6FB6 /* NSObject+MJCoding.m */ = {isa = PBXFileReference; fileEncoding = 4; lastKnownFileType = sourcecode.c.objc; path = "NSObject+MJCoding.m"; sourceTree = "<group>"; };
		96AB24411B287CCD005C6FB6 /* NSObject+MJKeyValue.h */ = {isa = PBXFileReference; fileEncoding = 4; lastKnownFileType = sourcecode.c.h; path = "NSObject+MJKeyValue.h"; sourceTree = "<group>"; };
		96AB24421B287CCD005C6FB6 /* NSObject+MJKeyValue.m */ = {isa = PBXFileReference; fileEncoding = 4; lastKnownFileType = sourcecode.c.objc; path = "NSObject+MJKeyValue.m"; sourceTree = "<group>"; };
		96AB24431B287CCD005C6FB6 /* NSObject+MJProperty.h */ = {isa = PBXFileReference; fileEncoding = 4; lastKnownFileType = sourcecode.c.h; path = "NSObject+MJProperty.h"; sourceTree = "<group>"; };
		96AB24441B287CCD005C6FB6 /* NSObject+MJProperty.m */ = {isa = PBXFileReference; fileEncoding = 4; lastKnownFileType = sourcecode.c.objc; path = "NSObject+MJProperty.m"; sourceTree = "<group>"; };
		96AB24451B287CCD005C6FB6 /* NSString+Extension.h */ = {isa = PBXFileReference; fileEncoding = 4; lastKnownFileType = sourcecode.c.h; path = "NSString+Extension.h"; sourceTree = "<group>"; };
		96AB24461B287CCD005C6FB6 /* NSString+Extension.m */ = {isa = PBXFileReference; fileEncoding = 4; lastKnownFileType = sourcecode.c.objc; path = "NSString+Extension.m"; sourceTree = "<group>"; };
		96BA873C1B272B0D002AD5C3 /* SJOAuthViewController.h */ = {isa = PBXFileReference; fileEncoding = 4; lastKnownFileType = sourcecode.c.h; path = SJOAuthViewController.h; sourceTree = "<group>"; };
		96BA873D1B272B0D002AD5C3 /* SJOAuthViewController.m */ = {isa = PBXFileReference; fileEncoding = 4; lastKnownFileType = sourcecode.c.objc; path = SJOAuthViewController.m; sourceTree = "<group>"; };
		96BD210F1B2278BB007DF25A /* SJDiscoverViewController.h */ = {isa = PBXFileReference; fileEncoding = 4; lastKnownFileType = sourcecode.c.h; path = SJDiscoverViewController.h; sourceTree = "<group>"; };
		96BD21101B2278BB007DF25A /* SJDiscoverViewController.m */ = {isa = PBXFileReference; fileEncoding = 4; lastKnownFileType = sourcecode.c.objc; path = SJDiscoverViewController.m; sourceTree = "<group>"; };
		96BD21151B2278BB007DF25A /* SJHomeViewController.h */ = {isa = PBXFileReference; fileEncoding = 4; lastKnownFileType = sourcecode.c.h; path = SJHomeViewController.h; sourceTree = "<group>"; };
		96BD21161B2278BB007DF25A /* SJHomeViewController.m */ = {isa = PBXFileReference; fileEncoding = 4; lastKnownFileType = sourcecode.c.objc; path = SJHomeViewController.m; sourceTree = "<group>"; };
		96BD211B1B2278BB007DF25A /* SJTabBarController.h */ = {isa = PBXFileReference; fileEncoding = 4; lastKnownFileType = sourcecode.c.h; path = SJTabBarController.h; sourceTree = "<group>"; };
		96BD211C1B2278BB007DF25A /* SJTabBarController.m */ = {isa = PBXFileReference; fileEncoding = 4; lastKnownFileType = sourcecode.c.objc; path = SJTabBarController.m; sourceTree = "<group>"; };
		96BD21211B2278BB007DF25A /* SJMeViewController.h */ = {isa = PBXFileReference; fileEncoding = 4; lastKnownFileType = sourcecode.c.h; path = SJMeViewController.h; sourceTree = "<group>"; };
		96BD21221B2278BB007DF25A /* SJMeViewController.m */ = {isa = PBXFileReference; fileEncoding = 4; lastKnownFileType = sourcecode.c.objc; path = SJMeViewController.m; sourceTree = "<group>"; };
		96BD21271B2278BB007DF25A /* SJMessageViewController.h */ = {isa = PBXFileReference; fileEncoding = 4; lastKnownFileType = sourcecode.c.h; path = SJMessageViewController.h; sourceTree = "<group>"; };
		96BD21281B2278BB007DF25A /* SJMessageViewController.m */ = {isa = PBXFileReference; fileEncoding = 4; lastKnownFileType = sourcecode.c.objc; path = SJMessageViewController.m; sourceTree = "<group>"; };
		96BD212C1B2278BB007DF25A /* AppDelegate.h */ = {isa = PBXFileReference; fileEncoding = 4; lastKnownFileType = sourcecode.c.h; path = AppDelegate.h; sourceTree = "<group>"; };
		96BD212D1B2278BB007DF25A /* AppDelegate.m */ = {isa = PBXFileReference; fileEncoding = 4; lastKnownFileType = sourcecode.c.objc; path = AppDelegate.m; sourceTree = "<group>"; };
		96BD212E1B2278BB007DF25A /* main.m */ = {isa = PBXFileReference; fileEncoding = 4; lastKnownFileType = sourcecode.c.objc; path = main.m; sourceTree = "<group>"; };
		96CBEBB21B2532E200E5B68B /* SJNavigationController.h */ = {isa = PBXFileReference; fileEncoding = 4; lastKnownFileType = sourcecode.c.h; path = SJNavigationController.h; sourceTree = "<group>"; };
		96CBEBB31B2532E200E5B68B /* SJNavigationController.m */ = {isa = PBXFileReference; fileEncoding = 4; lastKnownFileType = sourcecode.c.objc; path = SJNavigationController.m; sourceTree = "<group>"; };
		96CBEBB51B25678400E5B68B /* UIBarButtonItem+SJ.h */ = {isa = PBXFileReference; fileEncoding = 4; lastKnownFileType = sourcecode.c.h; path = "UIBarButtonItem+SJ.h"; sourceTree = "<group>"; };
		96CBEBB61B25678400E5B68B /* UIBarButtonItem+SJ.m */ = {isa = PBXFileReference; fileEncoding = 4; lastKnownFileType = sourcecode.c.objc; path = "UIBarButtonItem+SJ.m"; sourceTree = "<group>"; };
		96CBEBB81B256CE200E5B68B /* SJSearchBar.h */ = {isa = PBXFileReference; fileEncoding = 4; lastKnownFileType = sourcecode.c.h; path = SJSearchBar.h; sourceTree = "<group>"; };
		96CBEBB91B256CE200E5B68B /* SJSearchBar.m */ = {isa = PBXFileReference; fileEncoding = 4; lastKnownFileType = sourcecode.c.objc; path = SJSearchBar.m; sourceTree = "<group>"; };
		96CBEBBB1B25730E00E5B68B /* SJTitleButton.h */ = {isa = PBXFileReference; fileEncoding = 4; lastKnownFileType = sourcecode.c.h; path = SJTitleButton.h; sourceTree = "<group>"; };
		96CBEBBC1B25730E00E5B68B /* SJTitleButton.m */ = {isa = PBXFileReference; fileEncoding = 4; lastKnownFileType = sourcecode.c.objc; path = SJTitleButton.m; sourceTree = "<group>"; };
		96CBEBC21B25836100E5B68B /* SJNewFeatureViewController.h */ = {isa = PBXFileReference; fileEncoding = 4; lastKnownFileType = sourcecode.c.h; path = SJNewFeatureViewController.h; sourceTree = "<group>"; };
		96CBEBC31B25836100E5B68B /* SJNewFeatureViewController.m */ = {isa = PBXFileReference; fileEncoding = 4; lastKnownFileType = sourcecode.c.objc; path = SJNewFeatureViewController.m; sourceTree = "<group>"; };
/* End PBXFileReference section */

/* Begin PBXFrameworksBuildPhase section */
		961239AE1B1F37FF00041868 /* Frameworks */ = {
			isa = PBXFrameworksBuildPhase;
			buildActionMask = 2147483647;
			files = (
			);
			runOnlyForDeploymentPostprocessing = 0;
		};
		961239CA1B1F37FF00041868 /* Frameworks */ = {
			isa = PBXFrameworksBuildPhase;
			buildActionMask = 2147483647;
			files = (
			);
			runOnlyForDeploymentPostprocessing = 0;
		};
/* End PBXFrameworksBuildPhase section */

/* Begin PBXGroup section */
		961239A81B1F37FE00041868 = {
			isa = PBXGroup;
			children = (
				961239B31B1F37FF00041868 /* SoulJaWeibo */,
				961239D01B1F37FF00041868 /* SoulJaWeiboTests */,
				961239B21B1F37FF00041868 /* Products */,
			);
			sourceTree = "<group>";
		};
		961239B21B1F37FF00041868 /* Products */ = {
			isa = PBXGroup;
			children = (
				961239B11B1F37FF00041868 /* SoulJaWeibo.app */,
				961239CD1B1F37FF00041868 /* SoulJaWeiboTests.xctest */,
			);
			name = Products;
			sourceTree = "<group>";
		};
		961239B31B1F37FF00041868 /* SoulJaWeibo */ = {
			isa = PBXGroup;
			children = (
				96BD210C1B2278BB007DF25A /* Classes */,
				961239B41B1F37FF00041868 /* Supporting Files */,
			);
			path = SoulJaWeibo;
			sourceTree = "<group>";
		};
		961239B41B1F37FF00041868 /* Supporting Files */ = {
			isa = PBXGroup;
			children = (
				961239C11B1F37FF00041868 /* Main.storyboard */,
				961239C41B1F37FF00041868 /* Images.xcassets */,
				961239C61B1F37FF00041868 /* LaunchScreen.xib */,
				961239BB1B1F37FF00041868 /* SoulJaWeibo.xcdatamodeld */,
				961239B51B1F37FF00041868 /* Info.plist */,
			);
			name = "Supporting Files";
			sourceTree = "<group>";
		};
		961239D01B1F37FF00041868 /* SoulJaWeiboTests */ = {
			isa = PBXGroup;
			children = (
				961239D31B1F37FF00041868 /* SoulJaWeiboTests.m */,
				961239D11B1F37FF00041868 /* Supporting Files */,
			);
			path = SoulJaWeiboTests;
			sourceTree = "<group>";
		};
		961239D11B1F37FF00041868 /* Supporting Files */ = {
			isa = PBXGroup;
			children = (
				961239D21B1F37FF00041868 /* Info.plist */,
			);
			name = "Supporting Files";
			sourceTree = "<group>";
		};
		965CFE241B227EFA003D83F2 /* Category */ = {
			isa = PBXGroup;
			children = (
				965CFE251B227F7D003D83F2 /* UIImage+SJ.h */,
				965CFE261B227F7D003D83F2 /* UIImage+SJ.m */,
				96CBEBB51B25678400E5B68B /* UIBarButtonItem+SJ.h */,
				96CBEBB61B25678400E5B68B /* UIBarButtonItem+SJ.m */,
			);
			name = Category;
			sourceTree = "<group>";
		};
		96AB23961B279EE8005C6FB6 /* Lib */ = {
			isa = PBXGroup;
			children = (
				96AB24351B287CCD005C6FB6 /* MJExtension */,
				96AB23FD1B286B72005C6FB6 /* SDWebImage */,
				96AB23B41B279F7B005C6FB6 /* MBProgressHUB */,
				96AB23971B279EF3005C6FB6 /* AFNetworking */,
			);
			name = Lib;
			sourceTree = "<group>";
		};
		96AB23971B279EF3005C6FB6 /* AFNetworking */ = {
			isa = PBXGroup;
			children = (
				96AB23981B279EF3005C6FB6 /* AFHTTPRequestOperation.h */,
				96AB23991B279EF3005C6FB6 /* AFHTTPRequestOperation.m */,
				96AB239A1B279EF3005C6FB6 /* AFHTTPRequestOperationManager.h */,
				96AB239B1B279EF3005C6FB6 /* AFHTTPRequestOperationManager.m */,
				96AB239C1B279EF3005C6FB6 /* AFHTTPSessionManager.h */,
				96AB239D1B279EF3005C6FB6 /* AFHTTPSessionManager.m */,
				96AB239E1B279EF3005C6FB6 /* AFNetworking.h */,
				96AB239F1B279EF3005C6FB6 /* AFNetworkReachabilityManager.h */,
				96AB23A01B279EF3005C6FB6 /* AFNetworkReachabilityManager.m */,
				96AB23A11B279EF3005C6FB6 /* AFSecurityPolicy.h */,
				96AB23A21B279EF3005C6FB6 /* AFSecurityPolicy.m */,
				96AB23A31B279EF3005C6FB6 /* AFURLConnectionOperation.h */,
				96AB23A41B279EF3005C6FB6 /* AFURLConnectionOperation.m */,
				96AB23A51B279EF3005C6FB6 /* AFURLRequestSerialization.h */,
				96AB23A61B279EF3005C6FB6 /* AFURLRequestSerialization.m */,
				96AB23A71B279EF3005C6FB6 /* AFURLResponseSerialization.h */,
				96AB23A81B279EF3005C6FB6 /* AFURLResponseSerialization.m */,
				96AB23A91B279EF3005C6FB6 /* AFURLSessionManager.h */,
				96AB23AA1B279EF3005C6FB6 /* AFURLSessionManager.m */,
			);
			path = AFNetworking;
			sourceTree = "<group>";
		};
		96AB23B41B279F7B005C6FB6 /* MBProgressHUB */ = {
			isa = PBXGroup;
			children = (
				96AB23B51B279F7B005C6FB6 /* MBProgressHUD+MJ.h */,
				96AB23B61B279F7B005C6FB6 /* MBProgressHUD+MJ.m */,
				96AB23B71B279F7B005C6FB6 /* MBProgressHUD.bundle */,
				96AB23B81B279F7B005C6FB6 /* MBProgressHUD.h */,
				96AB23B91B279F7B005C6FB6 /* MBProgressHUD.m */,
			);
			path = MBProgressHUB;
			sourceTree = "<group>";
		};
		96AB23BD1B27A568005C6FB6 /* Model */ = {
			isa = PBXGroup;
			children = (
				96AB23BE1B27A59F005C6FB6 /* SJAccount.h */,
				96AB23BF1B27A59F005C6FB6 /* SJAccount.m */,
			);
			name = Model;
			sourceTree = "<group>";
		};
		96AB23C41B27BBE6005C6FB6 /* Tool */ = {
			isa = PBXGroup;
			children = (
				96AB23C51B27BBF5005C6FB6 /* SJAccountTool.h */,
				96AB23C61B27BBF5005C6FB6 /* SJAccountTool.m */,
			);
			name = Tool;
			sourceTree = "<group>";
		};
		96AB23FD1B286B72005C6FB6 /* SDWebImage */ = {
			isa = PBXGroup;
			children = (
				96AB23FE1B286B72005C6FB6 /* MKAnnotationView+WebCache.h */,
				96AB23FF1B286B72005C6FB6 /* MKAnnotationView+WebCache.m */,
				96AB24001B286B72005C6FB6 /* NSData+ImageContentType.h */,
				96AB24011B286B72005C6FB6 /* NSData+ImageContentType.m */,
				96AB24021B286B72005C6FB6 /* SDImageCache.h */,
				96AB24031B286B72005C6FB6 /* SDImageCache.m */,
				96AB24041B286B72005C6FB6 /* SDWebImageCompat.h */,
				96AB24051B286B72005C6FB6 /* SDWebImageCompat.m */,
				96AB24061B286B72005C6FB6 /* SDWebImageDecoder.h */,
				96AB24071B286B72005C6FB6 /* SDWebImageDecoder.m */,
				96AB24081B286B72005C6FB6 /* SDWebImageDownloader.h */,
				96AB24091B286B72005C6FB6 /* SDWebImageDownloader.m */,
				96AB240A1B286B72005C6FB6 /* SDWebImageDownloaderOperation.h */,
				96AB240B1B286B72005C6FB6 /* SDWebImageDownloaderOperation.m */,
				96AB240C1B286B72005C6FB6 /* SDWebImageManager.h */,
				96AB240D1B286B72005C6FB6 /* SDWebImageManager.m */,
				96AB240E1B286B72005C6FB6 /* SDWebImageOperation.h */,
				96AB240F1B286B72005C6FB6 /* SDWebImagePrefetcher.h */,
				96AB24101B286B72005C6FB6 /* SDWebImagePrefetcher.m */,
				96AB24111B286B72005C6FB6 /* UIButton+WebCache.h */,
				96AB24121B286B72005C6FB6 /* UIButton+WebCache.m */,
				96AB24131B286B72005C6FB6 /* UIImage+GIF.h */,
				96AB24141B286B72005C6FB6 /* UIImage+GIF.m */,
				96AB24151B286B72005C6FB6 /* UIImage+MultiFormat.h */,
				96AB24161B286B72005C6FB6 /* UIImage+MultiFormat.m */,
				96AB24171B286B72005C6FB6 /* UIImage+WebP.h */,
				96AB24181B286B72005C6FB6 /* UIImage+WebP.m */,
				96AB24191B286B72005C6FB6 /* UIImageView+HighlightedWebCache.h */,
				96AB241A1B286B72005C6FB6 /* UIImageView+HighlightedWebCache.m */,
				96AB241B1B286B72005C6FB6 /* UIImageView+WebCache.h */,
				96AB241C1B286B72005C6FB6 /* UIImageView+WebCache.m */,
				96AB241D1B286B72005C6FB6 /* UIView+WebCacheOperation.h */,
				96AB241E1B286B72005C6FB6 /* UIView+WebCacheOperation.m */,
			);
			path = SDWebImage;
			sourceTree = "<group>";
		};
		96AB24351B287CCD005C6FB6 /* MJExtension */ = {
			isa = PBXGroup;
			children = (
				96AB24361B287CCD005C6FB6 /* MJConst.h */,
				96AB24371B287CCD005C6FB6 /* MJConst.m */,
				96AB24381B287CCD005C6FB6 /* MJExtension.h */,
				96AB24391B287CCD005C6FB6 /* MJFoundation.h */,
				96AB243A1B287CCD005C6FB6 /* MJFoundation.m */,
				96AB243B1B287CCD005C6FB6 /* MJProperty.h */,
				96AB243C1B287CCD005C6FB6 /* MJProperty.m */,
				96AB243D1B287CCD005C6FB6 /* MJType.h */,
				96AB243E1B287CCD005C6FB6 /* MJType.m */,
				96AB243F1B287CCD005C6FB6 /* NSObject+MJCoding.h */,
				96AB24401B287CCD005C6FB6 /* NSObject+MJCoding.m */,
				96AB24411B287CCD005C6FB6 /* NSObject+MJKeyValue.h */,
				96AB24421B287CCD005C6FB6 /* NSObject+MJKeyValue.m */,
				96AB24431B287CCD005C6FB6 /* NSObject+MJProperty.h */,
				96AB24441B287CCD005C6FB6 /* NSObject+MJProperty.m */,
				96AB24451B287CCD005C6FB6 /* NSString+Extension.h */,
				96AB24461B287CCD005C6FB6 /* NSString+Extension.m */,
			);
			path = MJExtension;
			sourceTree = "<group>";
		};
		96BA873A1B272ADD002AD5C3 /* OAuth(授权) */ = {
			isa = PBXGroup;
			children = (
				96AB23C41B27BBE6005C6FB6 /* Tool */,
				96AB23BD1B27A568005C6FB6 /* Model */,
				96BA873B1B272AF3002AD5C3 /* Controller */,
			);
			name = "OAuth(授权)";
			sourceTree = "<group>";
		};
		96BA873B1B272AF3002AD5C3 /* Controller */ = {
			isa = PBXGroup;
			children = (
				96BA873C1B272B0D002AD5C3 /* SJOAuthViewController.h */,
				96BA873D1B272B0D002AD5C3 /* SJOAuthViewController.m */,
			);
			name = Controller;
			sourceTree = "<group>";
		};
		96BD210C1B2278BB007DF25A /* Classes */ = {
			isa = PBXGroup;
			children = (
				96BA873A1B272ADD002AD5C3 /* OAuth(授权) */,
				96CBEBBE1B25833C00E5B68B /* NewFeature(新特性) */,
				96BD210D1B2278BB007DF25A /* Discover(广场) */,
				96BD21131B2278BB007DF25A /* Home(首页) */,
				96BD21191B2278BB007DF25A /* Main(主要) */,
				96BD211F1B2278BB007DF25A /* Me(我) */,
				96BD21251B2278BB007DF25A /* Message(消息) */,
				96BD212B1B2278BB007DF25A /* Other(其他) */,
			);
			path = Classes;
			sourceTree = "<group>";
		};
		96BD210D1B2278BB007DF25A /* Discover(广场) */ = {
			isa = PBXGroup;
			children = (
				96BD210E1B2278BB007DF25A /* Controller */,
				96BD21111B2278BB007DF25A /* Model */,
				96BD21121B2278BB007DF25A /* View */,
			);
			path = "Discover(广场)";
			sourceTree = "<group>";
		};
		96BD210E1B2278BB007DF25A /* Controller */ = {
			isa = PBXGroup;
			children = (
				96BD210F1B2278BB007DF25A /* SJDiscoverViewController.h */,
				96BD21101B2278BB007DF25A /* SJDiscoverViewController.m */,
			);
			path = Controller;
			sourceTree = "<group>";
		};
		96BD21111B2278BB007DF25A /* Model */ = {
			isa = PBXGroup;
			children = (
			);
			path = Model;
			sourceTree = "<group>";
		};
		96BD21121B2278BB007DF25A /* View */ = {
			isa = PBXGroup;
			children = (
				96CBEBB81B256CE200E5B68B /* SJSearchBar.h */,
				96CBEBB91B256CE200E5B68B /* SJSearchBar.m */,
			);
			path = View;
			sourceTree = "<group>";
		};
		96BD21131B2278BB007DF25A /* Home(首页) */ = {
			isa = PBXGroup;
			children = (
				96BD21141B2278BB007DF25A /* Controller */,
				96BD21171B2278BB007DF25A /* Model */,
				96BD21181B2278BB007DF25A /* View */,
			);
			path = "Home(首页)";
			sourceTree = "<group>";
		};
		96BD21141B2278BB007DF25A /* Controller */ = {
			isa = PBXGroup;
			children = (
				96BD21151B2278BB007DF25A /* SJHomeViewController.h */,
				96BD21161B2278BB007DF25A /* SJHomeViewController.m */,
			);
			path = Controller;
			sourceTree = "<group>";
		};
		96BD21171B2278BB007DF25A /* Model */ = {
			isa = PBXGroup;
			children = (
				96AB242F1B28747A005C6FB6 /* SJStatus.h */,
				96AB24301B28747A005C6FB6 /* SJStatus.m */,
				96AB24321B287600005C6FB6 /* SJUser.h */,
				96AB24331B287600005C6FB6 /* SJUser.m */,
			);
			path = Model;
			sourceTree = "<group>";
		};
		96BD21181B2278BB007DF25A /* View */ = {
			isa = PBXGroup;
			children = (
				96CBEBBB1B25730E00E5B68B /* SJTitleButton.h */,
				96CBEBBC1B25730E00E5B68B /* SJTitleButton.m */,
			);
			path = View;
			sourceTree = "<group>";
		};
		96BD21191B2278BB007DF25A /* Main(主要) */ = {
			isa = PBXGroup;
			children = (
				96BD211A1B2278BB007DF25A /* Controller */,
				96BD211D1B2278BB007DF25A /* Model */,
				96BD211E1B2278BB007DF25A /* View */,
			);
			path = "Main(主要)";
			sourceTree = "<group>";
		};
		96BD211A1B2278BB007DF25A /* Controller */ = {
			isa = PBXGroup;
			children = (
				96BD211B1B2278BB007DF25A /* SJTabBarController.h */,
				96BD211C1B2278BB007DF25A /* SJTabBarController.m */,
				96CBEBB21B2532E200E5B68B /* SJNavigationController.h */,
				96CBEBB31B2532E200E5B68B /* SJNavigationController.m */,
			);
			path = Controller;
			sourceTree = "<group>";
		};
		96BD211D1B2278BB007DF25A /* Model */ = {
			isa = PBXGroup;
			children = (
			);
			path = Model;
			sourceTree = "<group>";
		};
		96BD211E1B2278BB007DF25A /* View */ = {
			isa = PBXGroup;
			children = (
				965CFE281B228DEA003D83F2 /* SJTabBar.h */,
				965CFE291B228DEA003D83F2 /* SJTabBar.m */,
				96294D801B22A23D0040FAFD /* SJTabbarButton.h */,
				96294D811B22A23D0040FAFD /* SJTabbarButton.m */,
				966E9BF81B23ED85005B1D49 /* SJBadgeButton.h */,
				966E9BF91B23ED85005B1D49 /* SJBadgeButton.m */,
			);
			path = View;
			sourceTree = "<group>";
		};
		96BD211F1B2278BB007DF25A /* Me(我) */ = {
			isa = PBXGroup;
			children = (
				96BD21201B2278BB007DF25A /* Controller */,
				96BD21231B2278BB007DF25A /* Model */,
				96BD21241B2278BB007DF25A /* View */,
			);
			path = "Me(我)";
			sourceTree = "<group>";
		};
		96BD21201B2278BB007DF25A /* Controller */ = {
			isa = PBXGroup;
			children = (
				96BD21211B2278BB007DF25A /* SJMeViewController.h */,
				96BD21221B2278BB007DF25A /* SJMeViewController.m */,
			);
			path = Controller;
			sourceTree = "<group>";
		};
		96BD21231B2278BB007DF25A /* Model */ = {
			isa = PBXGroup;
			children = (
			);
			path = Model;
			sourceTree = "<group>";
		};
		96BD21241B2278BB007DF25A /* View */ = {
			isa = PBXGroup;
			children = (
			);
			path = View;
			sourceTree = "<group>";
		};
		96BD21251B2278BB007DF25A /* Message(消息) */ = {
			isa = PBXGroup;
			children = (
				96BD21261B2278BB007DF25A /* Controller */,
				96BD21291B2278BB007DF25A /* Model */,
				96BD212A1B2278BB007DF25A /* View */,
			);
			path = "Message(消息)";
			sourceTree = "<group>";
		};
		96BD21261B2278BB007DF25A /* Controller */ = {
			isa = PBXGroup;
			children = (
				96BD21271B2278BB007DF25A /* SJMessageViewController.h */,
				96BD21281B2278BB007DF25A /* SJMessageViewController.m */,
			);
			path = Controller;
			sourceTree = "<group>";
		};
		96BD21291B2278BB007DF25A /* Model */ = {
			isa = PBXGroup;
			children = (
			);
			path = Model;
			sourceTree = "<group>";
		};
		96BD212A1B2278BB007DF25A /* View */ = {
			isa = PBXGroup;
			children = (
			);
			path = View;
			sourceTree = "<group>";
		};
		96BD212B1B2278BB007DF25A /* Other(其他) */ = {
			isa = PBXGroup;
			children = (
				96AB23961B279EE8005C6FB6 /* Lib */,
				965CFE241B227EFA003D83F2 /* Category */,
				965CFE231B227BEA003D83F2 /* SoulJaWeibo.pch */,
				96BD212C1B2278BB007DF25A /* AppDelegate.h */,
				96BD212D1B2278BB007DF25A /* AppDelegate.m */,
				96BD212E1B2278BB007DF25A /* main.m */,
				96AB23C11B27BA06005C6FB6 /* SJWeiboTool.h */,
				96AB23C21B27BA06005C6FB6 /* SJWeiboTool.m */,
			);
			path = "Other(其他)";
			sourceTree = "<group>";
		};
		96CBEBBE1B25833C00E5B68B /* NewFeature(新特性) */ = {
			isa = PBXGroup;
			children = (
				96CBEBBF1B25833C00E5B68B /* Controller */,
				96CBEBC01B25833C00E5B68B /* Model */,
				96CBEBC11B25833C00E5B68B /* View */,
			);
			path = "NewFeature(新特性)";
			sourceTree = "<group>";
		};
		96CBEBBF1B25833C00E5B68B /* Controller */ = {
			isa = PBXGroup;
			children = (
				96CBEBC21B25836100E5B68B /* SJNewFeatureViewController.h */,
				96CBEBC31B25836100E5B68B /* SJNewFeatureViewController.m */,
			);
			path = Controller;
			sourceTree = "<group>";
		};
		96CBEBC01B25833C00E5B68B /* Model */ = {
			isa = PBXGroup;
			children = (
			);
			path = Model;
			sourceTree = "<group>";
		};
		96CBEBC11B25833C00E5B68B /* View */ = {
			isa = PBXGroup;
			children = (
			);
			path = View;
			sourceTree = "<group>";
		};
/* End PBXGroup section */

/* Begin PBXNativeTarget section */
		961239B01B1F37FF00041868 /* SoulJaWeibo */ = {
			isa = PBXNativeTarget;
			buildConfigurationList = 961239D71B1F37FF00041868 /* Build configuration list for PBXNativeTarget "SoulJaWeibo" */;
			buildPhases = (
				961239AD1B1F37FF00041868 /* Sources */,
				961239AE1B1F37FF00041868 /* Frameworks */,
				961239AF1B1F37FF00041868 /* Resources */,
			);
			buildRules = (
			);
			dependencies = (
			);
			name = SoulJaWeibo;
			productName = SoulJaWeibo;
			productReference = 961239B11B1F37FF00041868 /* SoulJaWeibo.app */;
			productType = "com.apple.product-type.application";
		};
		961239CC1B1F37FF00041868 /* SoulJaWeiboTests */ = {
			isa = PBXNativeTarget;
			buildConfigurationList = 961239DA1B1F37FF00041868 /* Build configuration list for PBXNativeTarget "SoulJaWeiboTests" */;
			buildPhases = (
				961239C91B1F37FF00041868 /* Sources */,
				961239CA1B1F37FF00041868 /* Frameworks */,
				961239CB1B1F37FF00041868 /* Resources */,
			);
			buildRules = (
			);
			dependencies = (
				961239CF1B1F37FF00041868 /* PBXTargetDependency */,
			);
			name = SoulJaWeiboTests;
			productName = SoulJaWeiboTests;
			productReference = 961239CD1B1F37FF00041868 /* SoulJaWeiboTests.xctest */;
			productType = "com.apple.product-type.bundle.unit-test";
		};
/* End PBXNativeTarget section */

/* Begin PBXProject section */
		961239A91B1F37FF00041868 /* Project object */ = {
			isa = PBXProject;
			attributes = {
				LastUpgradeCheck = 0630;
				ORGANIZATIONNAME = SoulJa;
				TargetAttributes = {
					961239B01B1F37FF00041868 = {
						CreatedOnToolsVersion = 6.3.1;
					};
					961239CC1B1F37FF00041868 = {
						CreatedOnToolsVersion = 6.3.1;
						TestTargetID = 961239B01B1F37FF00041868;
					};
				};
			};
			buildConfigurationList = 961239AC1B1F37FF00041868 /* Build configuration list for PBXProject "SoulJaWeibo" */;
			compatibilityVersion = "Xcode 3.2";
			developmentRegion = English;
			hasScannedForEncodings = 0;
			knownRegions = (
				en,
				Base,
			);
			mainGroup = 961239A81B1F37FE00041868;
			productRefGroup = 961239B21B1F37FF00041868 /* Products */;
			projectDirPath = "";
			projectRoot = "";
			targets = (
				961239B01B1F37FF00041868 /* SoulJaWeibo */,
				961239CC1B1F37FF00041868 /* SoulJaWeiboTests */,
			);
		};
/* End PBXProject section */

/* Begin PBXResourcesBuildPhase section */
		961239AF1B1F37FF00041868 /* Resources */ = {
			isa = PBXResourcesBuildPhase;
			buildActionMask = 2147483647;
			files = (
				961239C31B1F37FF00041868 /* Main.storyboard in Resources */,
				96AB23BB1B279F7B005C6FB6 /* MBProgressHUD.bundle in Resources */,
				961239C81B1F37FF00041868 /* LaunchScreen.xib in Resources */,
				961239C51B1F37FF00041868 /* Images.xcassets in Resources */,
			);
			runOnlyForDeploymentPostprocessing = 0;
		};
		961239CB1B1F37FF00041868 /* Resources */ = {
			isa = PBXResourcesBuildPhase;
			buildActionMask = 2147483647;
			files = (
			);
			runOnlyForDeploymentPostprocessing = 0;
		};
/* End PBXResourcesBuildPhase section */

/* Begin PBXSourcesBuildPhase section */
		961239AD1B1F37FF00041868 /* Sources */ = {
			isa = PBXSourcesBuildPhase;
			buildActionMask = 2147483647;
			files = (
				96AB24491B287CCD005C6FB6 /* MJProperty.m in Sources */,
				96AB242C1B286B72005C6FB6 /* UIImageView+HighlightedWebCache.m in Sources */,
				96BD21321B2278BB007DF25A /* SJTabBarController.m in Sources */,
				96CBEBBA1B256CE200E5B68B /* SJSearchBar.m in Sources */,
				96AB23AF1B279EF3005C6FB6 /* AFSecurityPolicy.m in Sources */,
				96AB23AC1B279EF3005C6FB6 /* AFHTTPRequestOperationManager.m in Sources */,
				96AB23BA1B279F7B005C6FB6 /* MBProgressHUD+MJ.m in Sources */,
				96AB242D1B286B72005C6FB6 /* UIImageView+WebCache.m in Sources */,
				96AB24481B287CCD005C6FB6 /* MJFoundation.m in Sources */,
				96AB23C31B27BA06005C6FB6 /* SJWeiboTool.m in Sources */,
				96AB244A1B287CCD005C6FB6 /* MJType.m in Sources */,
				96AB23AB1B279EF3005C6FB6 /* AFHTTPRequestOperation.m in Sources */,
				96AB24281B286B72005C6FB6 /* UIButton+WebCache.m in Sources */,
				96AB244D1B287CCD005C6FB6 /* NSObject+MJProperty.m in Sources */,
				965CFE271B227F7D003D83F2 /* UIImage+SJ.m in Sources */,
				96BD21301B2278BB007DF25A /* SJDiscoverViewController.m in Sources */,
				96AB23BC1B279F7B005C6FB6 /* MBProgressHUD.m in Sources */,
				96AB24291B286B72005C6FB6 /* UIImage+GIF.m in Sources */,
				96AB24271B286B72005C6FB6 /* SDWebImagePrefetcher.m in Sources */,
				96CBEBC41B25836100E5B68B /* SJNewFeatureViewController.m in Sources */,
				96AB23C01B27A59F005C6FB6 /* SJAccount.m in Sources */,
				96BD21331B2278BB007DF25A /* SJMeViewController.m in Sources */,
				96AB24221B286B72005C6FB6 /* SDWebImageCompat.m in Sources */,
				96AB24241B286B72005C6FB6 /* SDWebImageDownloader.m in Sources */,
				96AB24251B286B72005C6FB6 /* SDWebImageDownloaderOperation.m in Sources */,
				96AB244C1B287CCD005C6FB6 /* NSObject+MJKeyValue.m in Sources */,
				96AB24231B286B72005C6FB6 /* SDWebImageDecoder.m in Sources */,
				96AB24261B286B72005C6FB6 /* SDWebImageManager.m in Sources */,
				96CBEBBD1B25730E00E5B68B /* SJTitleButton.m in Sources */,
				96AB23C71B27BBF5005C6FB6 /* SJAccountTool.m in Sources */,
				96BD21351B2278BB007DF25A /* AppDelegate.m in Sources */,
				96BD21341B2278BB007DF25A /* SJMessageViewController.m in Sources */,
				96BA873E1B272B0D002AD5C3 /* SJOAuthViewController.m in Sources */,
				96AB242E1B286B72005C6FB6 /* UIView+WebCacheOperation.m in Sources */,
				96AB24341B287600005C6FB6 /* SJUser.m in Sources */,
				96AB23AD1B279EF3005C6FB6 /* AFHTTPSessionManager.m in Sources */,
				96AB24471B287CCD005C6FB6 /* MJConst.m in Sources */,
				966E9BFA1B23ED85005B1D49 /* SJBadgeButton.m in Sources */,
				96CBEBB71B25678400E5B68B /* UIBarButtonItem+SJ.m in Sources */,
				96AB244E1B287CCD005C6FB6 /* NSString+Extension.m in Sources */,
				96AB23B01B279EF3005C6FB6 /* AFURLConnectionOperation.m in Sources */,
				96AB23B11B279EF3005C6FB6 /* AFURLRequestSerialization.m in Sources */,
				96AB244B1B287CCD005C6FB6 /* NSObject+MJCoding.m in Sources */,
				96AB241F1B286B72005C6FB6 /* MKAnnotationView+WebCache.m in Sources */,
				96AB242A1B286B72005C6FB6 /* UIImage+MultiFormat.m in Sources */,
				96AB23B31B279EF3005C6FB6 /* AFURLSessionManager.m in Sources */,
				96AB23B21B279EF3005C6FB6 /* AFURLResponseSerialization.m in Sources */,
				96AB24201B286B72005C6FB6 /* NSData+ImageContentType.m in Sources */,
				96AB24311B28747A005C6FB6 /* SJStatus.m in Sources */,
				96294D821B22A23D0040FAFD /* SJTabbarButton.m in Sources */,
				96AB242B1B286B72005C6FB6 /* UIImage+WebP.m in Sources */,
				965CFE2A1B228DEA003D83F2 /* SJTabBar.m in Sources */,
				96BD21311B2278BB007DF25A /* SJHomeViewController.m in Sources */,
				96BD21361B2278BB007DF25A /* main.m in Sources */,
				961239BD1B1F37FF00041868 /* SoulJaWeibo.xcdatamodeld in Sources */,
				96AB23AE1B279EF3005C6FB6 /* AFNetworkReachabilityManager.m in Sources */,
				96CBEBB41B2532E200E5B68B /* SJNavigationController.m in Sources */,
				96AB24211B286B72005C6FB6 /* SDImageCache.m in Sources */,
			);
			runOnlyForDeploymentPostprocessing = 0;
		};
		961239C91B1F37FF00041868 /* Sources */ = {
			isa = PBXSourcesBuildPhase;
			buildActionMask = 2147483647;
			files = (
				961239D41B1F37FF00041868 /* SoulJaWeiboTests.m in Sources */,
			);
			runOnlyForDeploymentPostprocessing = 0;
		};
/* End PBXSourcesBuildPhase section */

/* Begin PBXTargetDependency section */
		961239CF1B1F37FF00041868 /* PBXTargetDependency */ = {
			isa = PBXTargetDependency;
			target = 961239B01B1F37FF00041868 /* SoulJaWeibo */;
			targetProxy = 961239CE1B1F37FF00041868 /* PBXContainerItemProxy */;
		};
/* End PBXTargetDependency section */

/* Begin PBXVariantGroup section */
		961239C11B1F37FF00041868 /* Main.storyboard */ = {
			isa = PBXVariantGroup;
			children = (
				961239C21B1F37FF00041868 /* Base */,
			);
			name = Main.storyboard;
			sourceTree = "<group>";
		};
		961239C61B1F37FF00041868 /* LaunchScreen.xib */ = {
			isa = PBXVariantGroup;
			children = (
				961239C71B1F37FF00041868 /* Base */,
			);
			name = LaunchScreen.xib;
			sourceTree = "<group>";
		};
/* End PBXVariantGroup section */

/* Begin XCBuildConfiguration section */
		961239D51B1F37FF00041868 /* Debug */ = {
			isa = XCBuildConfiguration;
			buildSettings = {
				ALWAYS_SEARCH_USER_PATHS = NO;
				CLANG_CXX_LANGUAGE_STANDARD = "gnu++0x";
				CLANG_CXX_LIBRARY = "libc++";
				CLANG_ENABLE_MODULES = YES;
				CLANG_ENABLE_OBJC_ARC = YES;
				CLANG_WARN_BOOL_CONVERSION = YES;
				CLANG_WARN_CONSTANT_CONVERSION = YES;
				CLANG_WARN_DIRECT_OBJC_ISA_USAGE = YES_ERROR;
				CLANG_WARN_EMPTY_BODY = YES;
				CLANG_WARN_ENUM_CONVERSION = YES;
				CLANG_WARN_INT_CONVERSION = YES;
				CLANG_WARN_OBJC_ROOT_CLASS = YES_ERROR;
				CLANG_WARN_UNREACHABLE_CODE = YES;
				CLANG_WARN__DUPLICATE_METHOD_MATCH = YES;
				"CODE_SIGN_IDENTITY[sdk=iphoneos*]" = "iPhone Developer";
				COPY_PHASE_STRIP = NO;
				DEBUG_INFORMATION_FORMAT = "dwarf-with-dsym";
				ENABLE_STRICT_OBJC_MSGSEND = YES;
				GCC_C_LANGUAGE_STANDARD = gnu99;
				GCC_DYNAMIC_NO_PIC = NO;
				GCC_NO_COMMON_BLOCKS = YES;
				GCC_OPTIMIZATION_LEVEL = 0;
				GCC_PRECOMPILE_PREFIX_HEADER = YES;
				GCC_PREFIX_HEADER = "$(SRCROOT)/SoulJaWeibo/SoulJaWeibo.pch";
				GCC_PREPROCESSOR_DEFINITIONS = (
					"DEBUG=1",
					"$(inherited)",
				);
				GCC_SYMBOLS_PRIVATE_EXTERN = NO;
				GCC_WARN_64_TO_32_BIT_CONVERSION = YES;
				GCC_WARN_ABOUT_RETURN_TYPE = YES_ERROR;
				GCC_WARN_UNDECLARED_SELECTOR = YES;
				GCC_WARN_UNINITIALIZED_AUTOS = YES_AGGRESSIVE;
				GCC_WARN_UNUSED_FUNCTION = YES;
				GCC_WARN_UNUSED_VARIABLE = YES;
				IPHONEOS_DEPLOYMENT_TARGET = 8.3;
				MTL_ENABLE_DEBUG_INFO = YES;
				ONLY_ACTIVE_ARCH = YES;
				SDKROOT = iphoneos;
			};
			name = Debug;
		};
		961239D61B1F37FF00041868 /* Release */ = {
			isa = XCBuildConfiguration;
			buildSettings = {
				ALWAYS_SEARCH_USER_PATHS = NO;
				CLANG_CXX_LANGUAGE_STANDARD = "gnu++0x";
				CLANG_CXX_LIBRARY = "libc++";
				CLANG_ENABLE_MODULES = YES;
				CLANG_ENABLE_OBJC_ARC = YES;
				CLANG_WARN_BOOL_CONVERSION = YES;
				CLANG_WARN_CONSTANT_CONVERSION = YES;
				CLANG_WARN_DIRECT_OBJC_ISA_USAGE = YES_ERROR;
				CLANG_WARN_EMPTY_BODY = YES;
				CLANG_WARN_ENUM_CONVERSION = YES;
				CLANG_WARN_INT_CONVERSION = YES;
				CLANG_WARN_OBJC_ROOT_CLASS = YES_ERROR;
				CLANG_WARN_UNREACHABLE_CODE = YES;
				CLANG_WARN__DUPLICATE_METHOD_MATCH = YES;
				"CODE_SIGN_IDENTITY[sdk=iphoneos*]" = "iPhone Developer";
				COPY_PHASE_STRIP = NO;
				DEBUG_INFORMATION_FORMAT = "dwarf-with-dsym";
				ENABLE_NS_ASSERTIONS = NO;
				ENABLE_STRICT_OBJC_MSGSEND = YES;
				GCC_C_LANGUAGE_STANDARD = gnu99;
				GCC_NO_COMMON_BLOCKS = YES;
				GCC_PRECOMPILE_PREFIX_HEADER = YES;
				GCC_PREFIX_HEADER = "$(SRCROOT)/SoulJaWeibo/SoulJaWeibo.pch";
				GCC_WARN_64_TO_32_BIT_CONVERSION = YES;
				GCC_WARN_ABOUT_RETURN_TYPE = YES_ERROR;
				GCC_WARN_UNDECLARED_SELECTOR = YES;
				GCC_WARN_UNINITIALIZED_AUTOS = YES_AGGRESSIVE;
				GCC_WARN_UNUSED_FUNCTION = YES;
				GCC_WARN_UNUSED_VARIABLE = YES;
				IPHONEOS_DEPLOYMENT_TARGET = 8.3;
				MTL_ENABLE_DEBUG_INFO = NO;
				SDKROOT = iphoneos;
				VALIDATE_PRODUCT = YES;
			};
			name = Release;
		};
		961239D81B1F37FF00041868 /* Debug */ = {
			isa = XCBuildConfiguration;
			buildSettings = {
				ASSETCATALOG_COMPILER_APPICON_NAME = AppIcon;
				ASSETCATALOG_COMPILER_LAUNCHIMAGE_NAME = LaunchImage;
				GCC_PRECOMPILE_PREFIX_HEADER = YES;
				GCC_PREFIX_HEADER = "$(SRCROOT)/SoulJaWeibo/SoulJaWeibo.pch";
				INFOPLIST_FILE = SoulJaWeibo/Info.plist;
				LD_RUNPATH_SEARCH_PATHS = "$(inherited) @executable_path/Frameworks";
				PRODUCT_NAME = "$(TARGET_NAME)";
			};
			name = Debug;
		};
		961239D91B1F37FF00041868 /* Release */ = {
			isa = XCBuildConfiguration;
			buildSettings = {
				ASSETCATALOG_COMPILER_APPICON_NAME = AppIcon;
				ASSETCATALOG_COMPILER_LAUNCHIMAGE_NAME = LaunchImage;
				GCC_PRECOMPILE_PREFIX_HEADER = YES;
				GCC_PREFIX_HEADER = "$(SRCROOT)/SoulJaWeibo/SoulJaWeibo.pch";
				INFOPLIST_FILE = SoulJaWeibo/Info.plist;
				LD_RUNPATH_SEARCH_PATHS = "$(inherited) @executable_path/Frameworks";
				PRODUCT_NAME = "$(TARGET_NAME)";
			};
			name = Release;
		};
		961239DB1B1F37FF00041868 /* Debug */ = {
			isa = XCBuildConfiguration;
			buildSettings = {
				BUNDLE_LOADER = "$(TEST_HOST)";
				FRAMEWORK_SEARCH_PATHS = (
					"$(SDKROOT)/Developer/Library/Frameworks",
					"$(inherited)",
				);
				GCC_PREPROCESSOR_DEFINITIONS = (
					"DEBUG=1",
					"$(inherited)",
				);
				INFOPLIST_FILE = SoulJaWeiboTests/Info.plist;
				LD_RUNPATH_SEARCH_PATHS = "$(inherited) @executable_path/Frameworks @loader_path/Frameworks";
				PRODUCT_NAME = "$(TARGET_NAME)";
				TEST_HOST = "$(BUILT_PRODUCTS_DIR)/SoulJaWeibo.app/SoulJaWeibo";
			};
			name = Debug;
		};
		961239DC1B1F37FF00041868 /* Release */ = {
			isa = XCBuildConfiguration;
			buildSettings = {
				BUNDLE_LOADER = "$(TEST_HOST)";
				FRAMEWORK_SEARCH_PATHS = (
					"$(SDKROOT)/Developer/Library/Frameworks",
					"$(inherited)",
				);
				INFOPLIST_FILE = SoulJaWeiboTests/Info.plist;
				LD_RUNPATH_SEARCH_PATHS = "$(inherited) @executable_path/Frameworks @loader_path/Frameworks";
				PRODUCT_NAME = "$(TARGET_NAME)";
				TEST_HOST = "$(BUILT_PRODUCTS_DIR)/SoulJaWeibo.app/SoulJaWeibo";
			};
			name = Release;
		};
/* End XCBuildConfiguration section */

/* Begin XCConfigurationList section */
		961239AC1B1F37FF00041868 /* Build configuration list for PBXProject "SoulJaWeibo" */ = {
			isa = XCConfigurationList;
			buildConfigurations = (
				961239D51B1F37FF00041868 /* Debug */,
				961239D61B1F37FF00041868 /* Release */,
			);
			defaultConfigurationIsVisible = 0;
			defaultConfigurationName = Release;
		};
		961239D71B1F37FF00041868 /* Build configuration list for PBXNativeTarget "SoulJaWeibo" */ = {
			isa = XCConfigurationList;
			buildConfigurations = (
				961239D81B1F37FF00041868 /* Debug */,
				961239D91B1F37FF00041868 /* Release */,
			);
			defaultConfigurationIsVisible = 0;
			defaultConfigurationName = Release;
		};
		961239DA1B1F37FF00041868 /* Build configuration list for PBXNativeTarget "SoulJaWeiboTests" */ = {
			isa = XCConfigurationList;
			buildConfigurations = (
				961239DB1B1F37FF00041868 /* Debug */,
				961239DC1B1F37FF00041868 /* Release */,
			);
			defaultConfigurationIsVisible = 0;
			defaultConfigurationName = Release;
		};
/* End XCConfigurationList section */

/* Begin XCVersionGroup section */
		961239BB1B1F37FF00041868 /* SoulJaWeibo.xcdatamodeld */ = {
			isa = XCVersionGroup;
			children = (
				961239BC1B1F37FF00041868 /* SoulJaWeibo.xcdatamodel */,
			);
			currentVersion = 961239BC1B1F37FF00041868 /* SoulJaWeibo.xcdatamodel */;
			path = SoulJaWeibo.xcdatamodeld;
			sourceTree = "<group>";
			versionGroupType = wrapper.xcdatamodel;
		};
/* End XCVersionGroup section */
	};
	rootObject = 961239A91B1F37FF00041868 /* Project object */;
}
